
Microsoft Visual Studio Solution File, Format Version 12.00
# Visual Studio Version 17
VisualStudioVersion = 17.0.31903.59
MinimumVisualStudioVersion = 10.0.40219.1
Project("{9A19103F-16F7-4668-BE54-9A1E7A4F7556}") = "Todomorrow.Api", "Todomorrow.Api\Todomorrow.Api.csproj", "{55EAE4B5-01F3-456D-91E7-7DCE6C2A861C}"
EndProject
Project("{FAE04EC0-301F-11D3-BF4B-00C04F79EFBC}") = "Todomorrow.Domain", "Todomorrow.Domain\Todomorrow.Domain.csproj", "{3D981CD6-0ACF-41C0-A648-55A54D63F613}"
EndProject
Project("{FAE04EC0-301F-11D3-BF4B-00C04F79EFBC}") = "Todomorrow.Infrastructure", "Todomorrow.Infrastructure\Todomorrow.Infrastructure.csproj", "{10AB0DE0-8C8B-4666-8FF5-E9D6564FC90C}"
EndProject
Project("{FAE04EC0-301F-11D3-BF4B-00C04F79EFBC}") = "Todomorrow.Application", "Todomorrow.Application\Todomorrow.Application.csproj", "{90F6ADD0-4036-438F-BCC8-4D39FCD16994}"
EndProject
Project("{FAE04EC0-301F-11D3-BF4B-00C04F79EFBC}") = "Todomorrow.Contracts", "Todomorrow.Contracts\Todomorrow.Contracts.csproj", "{88D19074-1E34-4787-AA7E-9246F786BB3E}"
EndProject
Global
	GlobalSection(SolutionConfigurationPlatforms) = preSolution
		Debug|Any CPU = Debug|Any CPU
		Release|Any CPU = Release|Any CPU
	EndGlobalSection
	GlobalSection(ProjectConfigurationPlatforms) = postSolution
		{55EAE4B5-01F3-456D-91E7-7DCE6C2A861C}.Debug|Any CPU.ActiveCfg = Debug|Any CPU
		{55EAE4B5-01F3-456D-91E7-7DCE6C2A861C}.Debug|Any CPU.Build.0 = Debug|Any CPU
		{55EAE4B5-01F3-456D-91E7-7DCE6C2A861C}.Release|Any CPU.ActiveCfg = Release|Any CPU
		{55EAE4B5-01F3-456D-91E7-7DCE6C2A861C}.Release|Any CPU.Build.0 = Release|Any CPU
		{3D981CD6-0ACF-41C0-A648-55A54D63F613}.Debug|Any CPU.ActiveCfg = Debug|Any CPU
		{3D981CD6-0ACF-41C0-A648-55A54D63F613}.Debug|Any CPU.Build.0 = Debug|Any CPU
		{3D981CD6-0ACF-41C0-A648-55A54D63F613}.Release|Any CPU.ActiveCfg = Release|Any CPU
		{3D981CD6-0ACF-41C0-A648-55A54D63F613}.Release|Any CPU.Build.0 = Release|Any CPU
		{10AB0DE0-8C8B-4666-8FF5-E9D6564FC90C}.Debug|Any CPU.ActiveCfg = Debug|Any CPU
		{10AB0DE0-8C8B-4666-8FF5-E9D6564FC90C}.Debug|Any CPU.Build.0 = Debug|Any CPU
		{10AB0DE0-8C8B-4666-8FF5-E9D6564FC90C}.Release|Any CPU.ActiveCfg = Release|Any CPU
		{10AB0DE0-8C8B-4666-8FF5-E9D6564FC90C}.Release|Any CPU.Build.0 = Release|Any CPU
		{90F6ADD0-4036-438F-BCC8-4D39FCD16994}.Debug|Any CPU.ActiveCfg = Debug|Any CPU
		{90F6ADD0-4036-438F-BCC8-4D39FCD16994}.Debug|Any CPU.Build.0 = Debug|Any CPU
		{90F6ADD0-4036-438F-BCC8-4D39FCD16994}.Release|Any CPU.ActiveCfg = Release|Any CPU
		{90F6ADD0-4036-438F-BCC8-4D39FCD16994}.Release|Any CPU.Build.0 = Release|Any CPU
		{88D19074-1E34-4787-AA7E-9246F786BB3E}.Debug|Any CPU.ActiveCfg = Debug|Any CPU
		{88D19074-1E34-4787-AA7E-9246F786BB3E}.Debug|Any CPU.Build.0 = Debug|Any CPU
		{88D19074-1E34-4787-AA7E-9246F786BB3E}.Release|Any CPU.ActiveCfg = Release|Any CPU
		{88D19074-1E34-4787-AA7E-9246F786BB3E}.Release|Any CPU.Build.0 = Release|Any CPU
	EndGlobalSection
	GlobalSection(SolutionProperties) = preSolution
		HideSolutionNode = FALSE
	EndGlobalSection
	GlobalSection(ExtensibilityGlobals) = postSolution
		SolutionGuid = {5558DE4A-C373-4E9A-82B9-E63BC19D5344}
	EndGlobalSection
EndGlobal
